
Microsoft Visual Studio Solution File, Format Version 12.00
# Visual Studio Version 17
VisualStudioVersion = 17.8.34330.188
MinimumVisualStudioVersion = 10.0.40219.1
Project("{FAE04EC0-301F-11D3-BF4B-00C04F79EFBC}") = "LearnCS", "LearnCS\LearnCS.csproj", "{032D4B99-449B-49C8-93FB-CD9A70D600F0}"
EndProject
Global
	GlobalSection(SolutionConfigurationPlatforms) = preSolution
		Debug|Any CPU = Debug|Any CPU
		Release|Any CPU = Release|Any CPU
	EndGlobalSection
	GlobalSection(ProjectConfigurationPlatforms) = postSolution
		{032D4B99-449B-49C8-93FB-CD9A70D600F0}.Debug|Any CPU.ActiveCfg = Debug|Any CPU
		{032D4B99-449B-49C8-93FB-CD9A70D600F0}.Debug|Any CPU.Build.0 = Debug|Any CPU
		{032D4B99-449B-49C8-93FB-CD9A70D600F0}.Release|Any CPU.ActiveCfg = Release|Any CPU
		{032D4B99-449B-49C8-93FB-CD9A70D600F0}.Release|Any CPU.Build.0 = Release|Any CPU
	EndGlobalSection
	GlobalSection(SolutionProperties) = preSolution
		HideSolutionNode = FALSE
	EndGlobalSection
	GlobalSection(ExtensibilityGlobals) = postSolution
		SolutionGuid = {6873EB76-BBBE-4756-8CD1-74857D28C47D}
	EndGlobalSection
EndGlobal
